version = 1
revision = 2
requires-python = ">=3.12"

[[package]]
name = "antlr4-python3-runtime"
version = "4.7.2"
source = { registry = "https://pypi.org/simple" }
sdist = { url = "https://files.pythonhosted.org/packages/29/14/8ac135ec7cc9db3f768e2d032776718c6b23f74e63543f0974b4873500b2/antlr4-python3-runtime-4.7.2.tar.gz", hash = "sha256:168cdcec8fb9152e84a87ca6fd261b3d54c8f6358f42ab3b813b14a7193bb50b", size = 112278, upload-time = "2018-12-18T18:50:52.313Z" }

[[package]]
name = "delivery"
version = "0.1.0"
source = { virtual = "." }
dependencies = [
    { name = "tarski" },
]

[package.metadata]
requires-dist = [{ name = "tarski", specifier = ">=0.8.2" }]

[[package]]
name = "multipledispatch"
version = "1.0.0"
source = { registry = "https://pypi.org/simple" }
sdist = { url = "https://files.pythonhosted.org/packages/fe/3e/a62c3b824c7dec33c4a1578bcc842e6c30300051033a4e5975ed86cc2536/multipledispatch-1.0.0.tar.gz", hash = "sha256:5c839915465c68206c3e9c473357908216c28383b425361e5d144594bf85a7e0", size = 12385, upload-time = "2023-06-27T16:45:11.074Z" }
wheels = [
    { url = "https://files.pythonhosted.org/packages/51/c0/00c9809d8b9346eb238a6bbd5f83e846a4ce4503da94a4c08cb7284c325b/multipledispatch-1.0.0-py3-none-any.whl", hash = "sha256:0c53cd8b077546da4e48869f49b13164bebafd0c2a5afceb6bb6a316e7fb46e4", size = 12818, upload-time = "2023-06-27T16:45:09.418Z" },
]

[[package]]
name = "psutil"
version = "7.0.0"
source = { registry = "https://pypi.org/simple" }
sdist = { url = "https://files.pythonhosted.org/packages/2a/80/336820c1ad9286a4ded7e845b2eccfcb27851ab8ac6abece774a6ff4d3de/psutil-7.0.0.tar.gz", hash = "sha256:7be9c3eba38beccb6495ea33afd982a44074b78f28c434a1f51cc07fd315c456", size = 497003, upload-time = "2025-02-13T21:54:07.946Z" }
wheels = [
    { url = "https://files.pythonhosted.org/packages/2a/ed/d362e84620dd22876b55389248e522338ed1bf134a5edd3b8231d7207f6d/psutil-7.0.0-cp36-abi3-manylinux_2_12_i686.manylinux2010_i686.manylinux_2_17_i686.manylinux2014_i686.whl", hash = "sha256:1fcee592b4c6f146991ca55919ea3d1f8926497a713ed7faaf8225e174581e91", size = 275004, upload-time = "2025-02-13T21:54:18.662Z" },
    { url = "https://files.pythonhosted.org/packages/bf/b9/b0eb3f3cbcb734d930fdf839431606844a825b23eaf9a6ab371edac8162c/psutil-7.0.0-cp36-abi3-manylinux_2_12_x86_64.manylinux2010_x86_64.manylinux_2_17_x86_64.manylinux2014_x86_64.whl", hash = "sha256:4b1388a4f6875d7e2aff5c4ca1cc16c545ed41dd8bb596cefea80111db353a34", size = 277986, upload-time = "2025-02-13T21:54:21.811Z" },
    { url = "https://files.pythonhosted.org/packages/eb/a2/709e0fe2f093556c17fbafda93ac032257242cabcc7ff3369e2cb76a97aa/psutil-7.0.0-cp36-abi3-manylinux_2_17_aarch64.manylinux2014_aarch64.whl", hash = "sha256:a5f098451abc2828f7dc6b58d44b532b22f2088f4999a937557b603ce72b1993", size = 279544, upload-time = "2025-02-13T21:54:24.68Z" },
]

[[package]]
name = "tarski"
version = "0.8.2"
source = { registry = "https://pypi.org/simple" }
dependencies = [
    { name = "antlr4-python3-runtime" },
    { name = "multipledispatch" },
    { name = "psutil", marker = "sys_platform == 'linux'" },
]
sdist = { url = "https://files.pythonhosted.org/packages/de/a0/9611def2aa31dd659547ba341f980e52e2a498a349a887901618a6156659/tarski-0.8.2.tar.gz", hash = "sha256:a7df4f0c3c6a5b35cacf2420d5df78b0c64595fb7db6201353d6f7a28036e3fb", size = 175188, upload-time = "2022-04-07T19:08:25.484Z" }
wheels = [
    { url = "https://files.pythonhosted.org/packages/68/73/54c587cfad421ac1ceb707bd046f0d7e48e50c80c11673f5cc6af734ccf6/tarski-0.8.2-py3-none-any.whl", hash = "sha256:f965e946dfa845bf87703734e660734596a67e491c4f4a4fb101092ca9420bf5", size = 213119, upload-time = "2022-04-07T19:08:23.893Z" },
]
